<?xml version="1.0" encoding="utf-8"?>
<Project ToolsVersion="4.0" xmlns="http://schemas.microsoft.com/developer/msbuild/2003">
  <ItemGroup>
    <Filter Include="Define">
      <UniqueIdentifier>{948ec664-f7eb-4d03-b344-5183804b4359}</UniqueIdentifier>
    </Filter>
    <Filter Include="default">
      <UniqueIdentifier>{15eb220e-c458-47e7-852c-4cf79235e195}</UniqueIdentifier>
    </Filter>
    <Filter Include="Network">
      <UniqueIdentifier>{db87681b-9979-4699-9fc9-882eeabba2a3}</UniqueIdentifier>
    </Filter>
    <Filter Include="Managers">
      <UniqueIdentifier>{f19fd349-a79d-431a-a9b8-4c903ae320c6}</UniqueIdentifier>
    </Filter>
    <Filter Include="Managers\SendManager">
      <UniqueIdentifier>{ab3575d8-d012-4527-a2e2-5528d5ed7969}</UniqueIdentifier>
    </Filter>
    <Filter Include="Managers\MappedMemoryPool">
      <UniqueIdentifier>{01a88a6e-20cf-4064-8f42-528838ed09bd}</UniqueIdentifier>
    </Filter>
    <Filter Include="Managers\LogManager">
      <UniqueIdentifier>{8e75135b-943c-4fb4-89f4-e5598e3749ae}</UniqueIdentifier>
    </Filter>
    <Filter Include="Library">
      <UniqueIdentifier>{0a5935d5-a8ce-4940-abac-726a23150d24}</UniqueIdentifier>
    </Filter>
  </ItemGroup>
  <ItemGroup>
    <ClInclude Include="main.h">
      <Filter>default</Filter>
    </ClInclude>
    <ClInclude Include="stdafx.h">
      <Filter>Define</Filter>
    </ClInclude>
    <ClInclude Include="Session.h">
      <Filter>Network</Filter>
    </ClInclude>
    <ClInclude Include="SendManager.h">
      <Filter>Managers\SendManager</Filter>
    </ClInclude>
    <ClInclude Include="MappedMemoryUnit.h">
      <Filter>Managers\MappedMemoryPool</Filter>
    </ClInclude>
    <ClInclude Include="MappedMemoryPool.hpp">
      <Filter>Managers\MappedMemoryPool</Filter>
    </ClInclude>
    <ClInclude Include="MappedMemoryPool.h">
      <Filter>Managers\MappedMemoryPool</Filter>
    </ClInclude>
    <ClInclude Include="Concepts.hh">
      <Filter>Define</Filter>
    </ClInclude>
    <ClInclude Include="..\..\..\Define.hh">
      <Filter>Define</Filter>
    </ClInclude>
    <ClInclude Include="LogManager.h">
      <Filter>Managers\LogManager</Filter>
    </ClInclude>
  </ItemGroup>
  <ItemGroup>
    <ClCompile Include="main.cpp">
      <Filter>default</Filter>
    </ClCompile>
    <ClCompile Include="stdafx.cpp">
      <Filter>Define</Filter>
    </ClCompile>
    <ClCompile Include="Session.cpp">
      <Filter>Network</Filter>
    </ClCompile>
    <ClCompile Include="SendManager.cpp">
      <Filter>Managers\SendManager</Filter>
    </ClCompile>
    <ClCompile Include="MappedMemoryUnit.cpp">
      <Filter>Managers\MappedMemoryPool</Filter>
    </ClCompile>
    <ClCompile Include="MappedMemoryPool.cpp">
      <Filter>Managers\MappedMemoryPool</Filter>
    </ClCompile>
    <ClCompile Include="LogManager.cpp">
      <Filter>Managers\LogManager</Filter>
    </ClCompile>
  </ItemGroup>
</Project>